
Microsoft Visual Studio Solution File, Format Version 12.00
# Visual Studio Version 16
VisualStudioVersion = 16.0.29728.190
MinimumVisualStudioVersion = 10.0.40219.1
Project("{FAE04EC0-301F-11D3-BF4B-00C04F79EFBC}") = "SignalR.Mvc.demo", "SignalR.Mvc.demo\SignalR.Mvc.demo.csproj", "{AB819517-36EB-43FC-9082-AFF8F298675B}"
EndProject
Global
	GlobalSection(SolutionConfigurationPlatforms) = preSolution
		Debug|Any CPU = Debug|Any CPU
		Release|Any CPU = Release|Any CPU
	EndGlobalSection
	GlobalSection(ProjectConfigurationPlatforms) = postSolution
		{AB819517-36EB-43FC-9082-AFF8F298675B}.Debug|Any CPU.ActiveCfg = Debug|Any CPU
		{AB819517-36EB-43FC-9082-AFF8F298675B}.Debug|Any CPU.Build.0 = Debug|Any CPU
		{AB819517-36EB-43FC-9082-AFF8F298675B}.Release|Any CPU.ActiveCfg = Release|Any CPU
		{AB819517-36EB-43FC-9082-AFF8F298675B}.Release|Any CPU.Build.0 = Release|Any CPU
	EndGlobalSection
	GlobalSection(SolutionProperties) = preSolution
		HideSolutionNode = FALSE
	EndGlobalSection
	GlobalSection(ExtensibilityGlobals) = postSolution
		SolutionGuid = {D5C92C40-FD86-4F54-B437-778743AFE859}
	EndGlobalSection
EndGlobal
